// !$*UTF8*$!
{
	archiveVersion = 1;
	classes = {
	};
	objectVersion = 56;
	objects = {

/* Begin PBXBuildFile section */
		AA39660B2C1A23960004EE4A /* SDL2.framework in Frameworks */ = {isa = PBXBuildFile; fileRef = AA54F58C2C0F9CF300A4F22B /* SDL2.framework */; };
		AA3966192C20A62D0004EE4A /* helper.cpp in Sources */ = {isa = PBXBuildFile; fileRef = AA3966182C20A62D0004EE4A /* helper.cpp */; };
		AA54F57B2C0F9BDC00A4F22B /* main.cpp in Sources */ = {isa = PBXBuildFile; fileRef = AA54F57A2C0F9BDC00A4F22B /* main.cpp */; };
		AA54F5862C0F9C2A00A4F22B /* ShaderProgram.cpp in Sources */ = {isa = PBXBuildFile; fileRef = AA54F5822C0F9C2700A4F22B /* ShaderProgram.cpp */; };
		AA54F5892C0F9CD900A4F22B /* OpenGL.framework in Frameworks */ = {isa = PBXBuildFile; fileRef = AA54F5882C0F9CD900A4F22B /* OpenGL.framework */; };
		AA54F58B2C0F9CDE00A4F22B /* Cocoa.framework in Frameworks */ = {isa = PBXBuildFile; fileRef = AA54F58A2C0F9CDE00A4F22B /* Cocoa.framework */; };
		AA54F5922C0F9D0100A4F22B /* shaders in Copy Files */ = {isa = PBXBuildFile; fileRef = AA54F5852C0F9C2800A4F22B /* shaders */; };
		AA54F5932C0FA16000A4F22B /* SDL2_image.framework in Frameworks */ = {isa = PBXBuildFile; fileRef = AA54F58D2C0F9CF300A4F22B /* SDL2_image.framework */; };
		AA54F5942C0FA16000A4F22B /* SDL2_mixer.framework in Frameworks */ = {isa = PBXBuildFile; fileRef = AA54F58E2C0F9CF300A4F22B /* SDL2_mixer.framework */; };
/* End PBXBuildFile section */

/* Begin PBXCopyFilesBuildPhase section */
		AA54F5752C0F9BDC00A4F22B /* Copy Files */ = {
			isa = PBXCopyFilesBuildPhase;
			buildActionMask = 2147483647;
			dstPath = "";
			dstSubfolderSpec = 6;
			files = (
				AA54F5922C0F9D0100A4F22B /* shaders in Copy Files */,
			);
			name = "Copy Files";
			runOnlyForDeploymentPostprocessing = 1;
		};
/* End PBXCopyFilesBuildPhase section */

/* Begin PBXFileReference section */
		AA3966052C18D6C80004EE4A /* SDL2.framework */ = {isa = PBXFileReference; lastKnownFileType = wrapper.framework; path = SDL2.framework; sourceTree = "<group>"; };
		AA3966182C20A62D0004EE4A /* helper.cpp */ = {isa = PBXFileReference; lastKnownFileType = sourcecode.cpp.cpp; path = helper.cpp; sourceTree = "<group>"; };
		AA39661C2C20CCA50004EE4A /* silence.png */ = {isa = PBXFileReference; lastKnownFileType = image.png; path = silence.png; sourceTree = "<group>"; };
		AA39661D2C20CCBB0004EE4A /* drone.png */ = {isa = PBXFileReference; lastKnownFileType = image.png; path = drone.png; sourceTree = "<group>"; };
		AA39661E2C20FF5A0004EE4A /* logo_rhine.png */ = {isa = PBXFileReference; lastKnownFileType = image.png; path = logo_rhine.png; sourceTree = "<group>"; };
		AA54F5772C0F9BDC00A4F22B /* SDLaa */ = {isa = PBXFileReference; explicitFileType = "compiled.mach-o.executable"; includeInIndex = 0; path = SDLaa; sourceTree = BUILT_PRODUCTS_DIR; };
		AA54F57A2C0F9BDC00A4F22B /* main.cpp */ = {isa = PBXFileReference; lastKnownFileType = sourcecode.cpp.cpp; path = main.cpp; sourceTree = "<group>"; };
		AA54F5812C0F9C2700A4F22B /* ShaderProgram.h */ = {isa = PBXFileReference; fileEncoding = 4; lastKnownFileType = sourcecode.c.h; path = ShaderProgram.h; sourceTree = "<group>"; };
		AA54F5822C0F9C2700A4F22B /* ShaderProgram.cpp */ = {isa = PBXFileReference; fileEncoding = 4; lastKnownFileType = sourcecode.cpp.cpp; path = ShaderProgram.cpp; sourceTree = "<group>"; };
		AA54F5832C0F9C2700A4F22B /* stb_image.h */ = {isa = PBXFileReference; fileEncoding = 4; lastKnownFileType = sourcecode.c.h; path = stb_image.h; sourceTree = "<group>"; };
		AA54F5842C0F9C2800A4F22B /* glm */ = {isa = PBXFileReference; lastKnownFileType = folder; path = glm; sourceTree = "<group>"; };
		AA54F5852C0F9C2800A4F22B /* shaders */ = {isa = PBXFileReference; lastKnownFileType = folder; path = shaders; sourceTree = "<group>"; };
		AA54F5882C0F9CD900A4F22B /* OpenGL.framework */ = {isa = PBXFileReference; lastKnownFileType = wrapper.framework; name = OpenGL.framework; path = System/Library/Frameworks/OpenGL.framework; sourceTree = SDKROOT; };
		AA54F58A2C0F9CDE00A4F22B /* Cocoa.framework */ = {isa = PBXFileReference; lastKnownFileType = wrapper.framework; name = Cocoa.framework; path = System/Library/Frameworks/Cocoa.framework; sourceTree = SDKROOT; };
		AA54F58C2C0F9CF300A4F22B /* SDL2.framework */ = {isa = PBXFileReference; lastKnownFileType = wrapper.framework; name = SDL2.framework; path = ../../../../Library/Frameworks/SDL2.framework; sourceTree = "<group>"; };
		AA54F58D2C0F9CF300A4F22B /* SDL2_image.framework */ = {isa = PBXFileReference; lastKnownFileType = wrapper.framework; name = SDL2_image.framework; path = ../../../../Library/Frameworks/SDL2_image.framework; sourceTree = "<group>"; };
		AA54F58E2C0F9CF300A4F22B /* SDL2_mixer.framework */ = {isa = PBXFileReference; lastKnownFileType = wrapper.framework; name = SDL2_mixer.framework; path = ../../../../Library/Frameworks/SDL2_mixer.framework; sourceTree = "<group>"; };
/* End PBXFileReference section */

/* Begin PBXFrameworksBuildPhase section */
		AA54F5742C0F9BDC00A4F22B /* Frameworks */ = {
			isa = PBXFrameworksBuildPhase;
			buildActionMask = 2147483647;
			files = (
				AA54F58B2C0F9CDE00A4F22B /* Cocoa.framework in Frameworks */,
				AA54F5892C0F9CD900A4F22B /* OpenGL.framework in Frameworks */,
				AA54F5932C0FA16000A4F22B /* SDL2_image.framework in Frameworks */,
				AA54F5942C0FA16000A4F22B /* SDL2_mixer.framework in Frameworks */,
				AA39660B2C1A23960004EE4A /* SDL2.framework in Frameworks */,
			);
			runOnlyForDeploymentPostprocessing = 0;
		};
/* End PBXFrameworksBuildPhase section */

/* Begin PBXGroup section */
		AA54F56E2C0F9BDC00A4F22B = {
			isa = PBXGroup;
			children = (
				AA54F5792C0F9BDC00A4F22B /* SDLaa */,
				AA54F5782C0F9BDC00A4F22B /* Products */,
				AA54F5872C0F9CD900A4F22B /* Frameworks */,
			);
			sourceTree = "<group>";
		};
		AA54F5782C0F9BDC00A4F22B /* Products */ = {
			isa = PBXGroup;
			children = (
				AA54F5772C0F9BDC00A4F22B /* SDLaa */,
			);
			name = Products;
			sourceTree = "<group>";
		};
		AA54F5792C0F9BDC00A4F22B /* SDLaa */ = {
			isa = PBXGroup;
			children = (
				AA39661E2C20FF5A0004EE4A /* logo_rhine.png */,
				AA39661D2C20CCBB0004EE4A /* drone.png */,
				AA39661C2C20CCA50004EE4A /* silence.png */,
				AA3966182C20A62D0004EE4A /* helper.cpp */,
				AA54F5842C0F9C2800A4F22B /* glm */,
				AA54F5822C0F9C2700A4F22B /* ShaderProgram.cpp */,
				AA54F5812C0F9C2700A4F22B /* ShaderProgram.h */,
				AA54F5852C0F9C2800A4F22B /* shaders */,
				AA54F5832C0F9C2700A4F22B /* stb_image.h */,
				AA54F57A2C0F9BDC00A4F22B /* main.cpp */,
			);
			path = SDLaa;
			sourceTree = "<group>";
		};
		AA54F5872C0F9CD900A4F22B /* Frameworks */ = {
			isa = PBXGroup;
			children = (
				AA3966052C18D6C80004EE4A /* SDL2.framework */,
				AA54F58D2C0F9CF300A4F22B /* SDL2_image.framework */,
				AA54F58E2C0F9CF300A4F22B /* SDL2_mixer.framework */,
				AA54F58C2C0F9CF300A4F22B /* SDL2.framework */,
				AA54F58A2C0F9CDE00A4F22B /* Cocoa.framework */,
				AA54F5882C0F9CD900A4F22B /* OpenGL.framework */,
			);
			name = Frameworks;
			sourceTree = "<group>";
		};
/* End PBXGroup section */

/* Begin PBXNativeTarget section */
		AA54F5762C0F9BDC00A4F22B /* SDLaa */ = {
			isa = PBXNativeTarget;
			buildConfigurationList = AA54F57E2C0F9BDC00A4F22B /* Build configuration list for PBXNativeTarget "SDLaa" */;
			buildPhases = (
				AA54F5732C0F9BDC00A4F22B /* Sources */,
				AA54F5742C0F9BDC00A4F22B /* Frameworks */,
				AA54F5752C0F9BDC00A4F22B /* Copy Files */,
			);
			buildRules = (
			);
			dependencies = (
			);
			name = SDLaa;
			productName = SDLaa;
			productReference = AA54F5772C0F9BDC00A4F22B /* SDLaa */;
			productType = "com.apple.product-type.tool";
		};
/* End PBXNativeTarget section */

/* Begin PBXProject section */
		AA54F56F2C0F9BDC00A4F22B /* Project object */ = {
			isa = PBXProject;
			attributes = {
				BuildIndependentTargetsInParallel = 1;
				LastUpgradeCheck = 1520;
				TargetAttributes = {
					AA54F5762C0F9BDC00A4F22B = {
						CreatedOnToolsVersion = 15.2;
					};
				};
			};
			buildConfigurationList = AA54F5722C0F9BDC00A4F22B /* Build configuration list for PBXProject "SDLaa" */;
			compatibilityVersion = "Xcode 14.0";
			developmentRegion = en;
			hasScannedForEncodings = 0;
			knownRegions = (
				en,
				Base,
			);
			mainGroup = AA54F56E2C0F9BDC00A4F22B;
			productRefGroup = AA54F5782C0F9BDC00A4F22B /* Products */;
			projectDirPath = "";
			projectRoot = "";
			targets = (
				AA54F5762C0F9BDC00A4F22B /* SDLaa */,
			);
		};
/* End PBXProject section */

/* Begin PBXSourcesBuildPhase section */
		AA54F5732C0F9BDC00A4F22B /* Sources */ = {
			isa = PBXSourcesBuildPhase;
			buildActionMask = 2147483647;
			files = (
				AA54F57B2C0F9BDC00A4F22B /* main.cpp in Sources */,
				AA54F5862C0F9C2A00A4F22B /* ShaderProgram.cpp in Sources */,
				AA3966192C20A62D0004EE4A /* helper.cpp in Sources */,
			);
			runOnlyForDeploymentPostprocessing = 0;
		};
/* End PBXSourcesBuildPhase section */

/* Begin XCBuildConfiguration section */
		AA54F57C2C0F9BDC00A4F22B /* Debug */ = {
			isa = XCBuildConfiguration;
			buildSettings = {
				ALWAYS_SEARCH_USER_PATHS = NO;
				ASSETCATALOG_COMPILER_GENERATE_SWIFT_ASSET_SYMBOL_EXTENSIONS = YES;
				CLANG_ANALYZER_NONNULL = YES;
				CLANG_ANALYZER_NUMBER_OBJECT_CONVERSION = YES_AGGRESSIVE;
				CLANG_CXX_LANGUAGE_STANDARD = "gnu++20";
				CLANG_ENABLE_MODULES = YES;
				CLANG_ENABLE_OBJC_ARC = YES;
				CLANG_ENABLE_OBJC_WEAK = YES;
				CLANG_WARN_BLOCK_CAPTURE_AUTORELEASING = YES;
				CLANG_WARN_BOOL_CONVERSION = YES;
				CLANG_WARN_COMMA = YES;
				CLANG_WARN_CONSTANT_CONVERSION = YES;
				CLANG_WARN_DEPRECATED_OBJC_IMPLEMENTATIONS = YES;
				CLANG_WARN_DIRECT_OBJC_ISA_USAGE = YES_ERROR;
				CLANG_WARN_DOCUMENTATION_COMMENTS = YES;
				CLANG_WARN_EMPTY_BODY = YES;
				CLANG_WARN_ENUM_CONVERSION = YES;
				CLANG_WARN_INFINITE_RECURSION = YES;
				CLANG_WARN_INT_CONVERSION = YES;
				CLANG_WARN_NON_LITERAL_NULL_CONVERSION = YES;
				CLANG_WARN_OBJC_IMPLICIT_RETAIN_SELF = YES;
				CLANG_WARN_OBJC_LITERAL_CONVERSION = YES;
				CLANG_WARN_OBJC_ROOT_CLASS = YES_ERROR;
				CLANG_WARN_QUOTED_INCLUDE_IN_FRAMEWORK_HEADER = YES;
				CLANG_WARN_RANGE_LOOP_ANALYSIS = YES;
				CLANG_WARN_STRICT_PROTOTYPES = YES;
				CLANG_WARN_SUSPICIOUS_MOVE = YES;
				CLANG_WARN_UNGUARDED_AVAILABILITY = YES_AGGRESSIVE;
				CLANG_WARN_UNREACHABLE_CODE = YES;
				CLANG_WARN__DUPLICATE_METHOD_MATCH = YES;
				COPY_PHASE_STRIP = NO;
				DEBUG_INFORMATION_FORMAT = dwarf;
				ENABLE_STRICT_OBJC_MSGSEND = YES;
				ENABLE_TESTABILITY = YES;
				ENABLE_USER_SCRIPT_SANDBOXING = NO;
				EXCLUDED_ARCHS = "";
				GCC_C_LANGUAGE_STANDARD = gnu11;
				GCC_DYNAMIC_NO_PIC = NO;
				GCC_NO_COMMON_BLOCKS = YES;
				GCC_OPTIMIZATION_LEVEL = 0;
				GCC_PREPROCESSOR_DEFINITIONS = (
					"DEBUG=1",
					"$(inherited)",
				);
				GCC_WARN_64_TO_32_BIT_CONVERSION = YES;
				GCC_WARN_ABOUT_RETURN_TYPE = YES_ERROR;
				GCC_WARN_UNDECLARED_SELECTOR = YES;
				GCC_WARN_UNINITIALIZED_AUTOS = YES_AGGRESSIVE;
				GCC_WARN_UNUSED_FUNCTION = YES;
				GCC_WARN_UNUSED_VARIABLE = YES;
				LOCALIZATION_PREFERS_STRING_CATALOGS = YES;
				MACOSX_DEPLOYMENT_TARGET = 13.2;
				MTL_ENABLE_DEBUG_INFO = INCLUDE_SOURCE;
				MTL_FAST_MATH = YES;
				ONLY_ACTIVE_ARCH = YES;
				OTHER_LDFLAGS = "";
				SDKROOT = macosx;
			};
			name = Debug;
		};
		AA54F57D2C0F9BDC00A4F22B /* Release */ = {
			isa = XCBuildConfiguration;
			buildSettings = {
				ALWAYS_SEARCH_USER_PATHS = NO;
				ASSETCATALOG_COMPILER_GENERATE_SWIFT_ASSET_SYMBOL_EXTENSIONS = YES;
				CLANG_ANALYZER_NONNULL = YES;
				CLANG_ANALYZER_NUMBER_OBJECT_CONVERSION = YES_AGGRESSIVE;
				CLANG_CXX_LANGUAGE_STANDARD = "gnu++20";
				CLANG_ENABLE_MODULES = YES;
				CLANG_ENABLE_OBJC_ARC = YES;
				CLANG_ENABLE_OBJC_WEAK = YES;
				CLANG_WARN_BLOCK_CAPTURE_AUTORELEASING = YES;
				CLANG_WARN_BOOL_CONVERSION = YES;
				CLANG_WARN_COMMA = YES;
				CLANG_WARN_CONSTANT_CONVERSION = YES;
				CLANG_WARN_DEPRECATED_OBJC_IMPLEMENTATIONS = YES;
				CLANG_WARN_DIRECT_OBJC_ISA_USAGE = YES_ERROR;
				CLANG_WARN_DOCUMENTATION_COMMENTS = YES;
				CLANG_WARN_EMPTY_BODY = YES;
				CLANG_WARN_ENUM_CONVERSION = YES;
				CLANG_WARN_INFINITE_RECURSION = YES;
				CLANG_WARN_INT_CONVERSION = YES;
				CLANG_WARN_NON_LITERAL_NULL_CONVERSION = YES;
				CLANG_WARN_OBJC_IMPLICIT_RETAIN_SELF = YES;
				CLANG_WARN_OBJC_LITERAL_CONVERSION = YES;
				CLANG_WARN_OBJC_ROOT_CLASS = YES_ERROR;
				CLANG_WARN_QUOTED_INCLUDE_IN_FRAMEWORK_HEADER = YES;
				CLANG_WARN_RANGE_LOOP_ANALYSIS = YES;
				CLANG_WARN_STRICT_PROTOTYPES = YES;
				CLANG_WARN_SUSPICIOUS_MOVE = YES;
				CLANG_WARN_UNGUARDED_AVAILABILITY = YES_AGGRESSIVE;
				CLANG_WARN_UNREACHABLE_CODE = YES;
				CLANG_WARN__DUPLICATE_METHOD_MATCH = YES;
				COPY_PHASE_STRIP = NO;
				DEBUG_INFORMATION_FORMAT = "dwarf-with-dsym";
				ENABLE_NS_ASSERTIONS = NO;
				ENABLE_STRICT_OBJC_MSGSEND = YES;
				ENABLE_USER_SCRIPT_SANDBOXING = NO;
				EXCLUDED_ARCHS = "";
				GCC_C_LANGUAGE_STANDARD = gnu11;
				GCC_NO_COMMON_BLOCKS = YES;
				GCC_WARN_64_TO_32_BIT_CONVERSION = YES;
				GCC_WARN_ABOUT_RETURN_TYPE = YES_ERROR;
				GCC_WARN_UNDECLARED_SELECTOR = YES;
				GCC_WARN_UNINITIALIZED_AUTOS = YES_AGGRESSIVE;
				GCC_WARN_UNUSED_FUNCTION = YES;
				GCC_WARN_UNUSED_VARIABLE = YES;
				LOCALIZATION_PREFERS_STRING_CATALOGS = YES;
				MACOSX_DEPLOYMENT_TARGET = 13.2;
				MTL_ENABLE_DEBUG_INFO = NO;
				MTL_FAST_MATH = YES;
				ONLY_ACTIVE_ARCH = NO;
				OTHER_LDFLAGS = "";
				SDKROOT = macosx;
			};
			name = Release;
		};
		AA54F57F2C0F9BDC00A4F22B /* Debug */ = {
			isa = XCBuildConfiguration;
			buildSettings = {
				CODE_SIGN_STYLE = Automatic;
				EXCLUDED_ARCHS = arg64;
				FRAMEWORK_SEARCH_PATHS = (
					/Library/Frameworks,
					"$(inherited)",
					"$(PROJECT_DIR)",
					"$(LOCAL_LIBRARY_DIR)/Frameworks",
				);
				HEADER_SEARCH_PATHS = (
					/Library/Frameworks/SDL2_image.framework/Versions/A/Headers,
					/Library/Frameworks/SDL2.framework/Versions/A/Headers,
				);
				PRODUCT_NAME = "$(TARGET_NAME)";
			};
			name = Debug;
		};
		AA54F5802C0F9BDC00A4F22B /* Release */ = {
			isa = XCBuildConfiguration;
			buildSettings = {
				CODE_SIGN_STYLE = Automatic;
				FRAMEWORK_SEARCH_PATHS = (
					"$(inherited)",
					"$(LOCAL_LIBRARY_DIR)/Frameworks",
					"$(PROJECT_DIR)",
				);
				HEADER_SEARCH_PATHS = (
					/Library/Frameworks/SDL2_image.framework/Versions/A/Headers,
					/Library/Frameworks/SDL2.framework/Versions/A/Headers,
				);
				PRODUCT_NAME = "$(TARGET_NAME)";
			};
			name = Release;
		};
/* End XCBuildConfiguration section */

/* Begin XCConfigurationList section */
		AA54F5722C0F9BDC00A4F22B /* Build configuration list for PBXProject "SDLaa" */ = {
			isa = XCConfigurationList;
			buildConfigurations = (
				AA54F57C2C0F9BDC00A4F22B /* Debug */,
				AA54F57D2C0F9BDC00A4F22B /* Release */,
			);
			defaultConfigurationIsVisible = 0;
			defaultConfigurationName = Release;
		};
		AA54F57E2C0F9BDC00A4F22B /* Build configuration list for PBXNativeTarget "SDLaa" */ = {
			isa = XCConfigurationList;
			buildConfigurations = (
				AA54F57F2C0F9BDC00A4F22B /* Debug */,
				AA54F5802C0F9BDC00A4F22B /* Release */,
			);
			defaultConfigurationIsVisible = 0;
			defaultConfigurationName = Release;
		};
/* End XCConfigurationList section */
	};
	rootObject = AA54F56F2C0F9BDC00A4F22B /* Project object */;
}
